
Microsoft Visual Studio Solution File, Format Version 12.00
# Visual Studio Version 16
VisualStudioVersion = 16.0.30621.155
MinimumVisualStudioVersion = 10.0.40219.1
Project("{9A19103F-16F7-4668-BE54-9A1E7A4F7556}") = "ProjetPendu", "ProjetPendu.csproj", "{32DF968C-DEA1-4C53-B578-C99F8E053DA5}"
EndProject
Global
	GlobalSection(SolutionConfigurationPlatforms) = preSolution
		Debug|Any CPU = Debug|Any CPU
		Release|Any CPU = Release|Any CPU
	EndGlobalSection
	GlobalSection(ProjectConfigurationPlatforms) = postSolution
		{32DF968C-DEA1-4C53-B578-C99F8E053DA5}.Debug|Any CPU.ActiveCfg = Debug|Any CPU
		{32DF968C-DEA1-4C53-B578-C99F8E053DA5}.Debug|Any CPU.Build.0 = Debug|Any CPU
		{32DF968C-DEA1-4C53-B578-C99F8E053DA5}.Release|Any CPU.ActiveCfg = Release|Any CPU
		{32DF968C-DEA1-4C53-B578-C99F8E053DA5}.Release|Any CPU.Build.0 = Release|Any CPU
	EndGlobalSection
	GlobalSection(SolutionProperties) = preSolution
		HideSolutionNode = FALSE
	EndGlobalSection
	GlobalSection(ExtensibilityGlobals) = postSolution
		SolutionGuid = {D8788E74-5FC7-44A3-A3E9-1C7C80FF1387}
	EndGlobalSection
EndGlobal
